{
  "name": "kaplan-strateji",
  "version": "1.0.0",
  "lockfileVersion": 3,
  "requires": true,
  "packages": {
    "": {
      "name": "kaplan-strateji",
      "version": "1.0.0",
      "dependencies": {
        "react": "file:vendor/react",
        "react-dom": "file:vendor/react-dom",
        "vite": "file:vendor/vite"
      },
      "devDependencies": {}
    },
    "node_modules/react": {
      "resolved": "vendor/react",
      "link": true
    },
    "node_modules/react-dom": {
      "resolved": "vendor/react-dom",
      "link": true
    },
    "node_modules/vite": {
      "resolved": "vendor/vite",
      "link": true
    },
    "vendor/react": {
      "version": "19.0.0-local"
    },
    "vendor/react-dom": {
      "version": "19.0.0-local"
    },
    "vendor/vite": {
      "version": "6.0.0-local",
      "bin": {
        "vite": "bin/vite.js"
      }
    }
  }
}
